
Microsoft Visual Studio Solution File, Format Version 12.00
# Visual Studio Version 17
VisualStudioVersion = 17.10.35013.160
MinimumVisualStudioVersion = 10.0.40219.1
Project("{9A19103F-16F7-4668-BE54-9A1E7A4F7556}") = "Contoso.WinUI", "Contoso.WinUI\Contoso.WinUI.csproj", "{4DB7C9D5-A2B1-4FDB-B108-52ADAAB9068F}"
EndProject
Project("{9A19103F-16F7-4668-BE54-9A1E7A4F7556}") = "Contoso.Core", "Contoso.Core\Contoso.Core.csproj", "{CD5D8943-AC8B-4BE4-966C-29966E3D8A3B}"
EndProject
Project("{9A19103F-16F7-4668-BE54-9A1E7A4F7556}") = "Contoso.ViewModels", "Contoso.ViewModels\Contoso.ViewModels.csproj", "{419DC113-F066-4989-8111-9FB47DDD5549}"
EndProject
Project("{9A19103F-16F7-4668-BE54-9A1E7A4F7556}") = "Contoso.Services.Data", "Contoso.Services.Data\Contoso.Services.Data.csproj", "{6F8454C4-AEB1-41CA-84AF-25F137CD72C3}"
EndProject
Project("{9A19103F-16F7-4668-BE54-9A1E7A4F7556}") = "Contoso.Services.Navigation", "Contoso.Services.Navigation\Contoso.Services.Navigation.csproj", "{CC1F16E4-53D9-435B-9216-30588824802E}"
EndProject
Global
	GlobalSection(SolutionConfigurationPlatforms) = preSolution
		Debug|Any CPU = Debug|Any CPU
		Debug|ARM64 = Debug|ARM64
		Debug|x64 = Debug|x64
		Debug|x86 = Debug|x86
		Release|Any CPU = Release|Any CPU
		Release|ARM64 = Release|ARM64
		Release|x64 = Release|x64
		Release|x86 = Release|x86
	EndGlobalSection
	GlobalSection(ProjectConfigurationPlatforms) = postSolution
		{4DB7C9D5-A2B1-4FDB-B108-52ADAAB9068F}.Debug|Any CPU.ActiveCfg = Debug|x64
		{4DB7C9D5-A2B1-4FDB-B108-52ADAAB9068F}.Debug|Any CPU.Build.0 = Debug|x64
		{4DB7C9D5-A2B1-4FDB-B108-52ADAAB9068F}.Debug|Any CPU.Deploy.0 = Debug|x64
		{4DB7C9D5-A2B1-4FDB-B108-52ADAAB9068F}.Debug|ARM64.ActiveCfg = Debug|ARM64
		{4DB7C9D5-A2B1-4FDB-B108-52ADAAB9068F}.Debug|ARM64.Build.0 = Debug|ARM64
		{4DB7C9D5-A2B1-4FDB-B108-52ADAAB9068F}.Debug|ARM64.Deploy.0 = Debug|ARM64
		{4DB7C9D5-A2B1-4FDB-B108-52ADAAB9068F}.Debug|x64.ActiveCfg = Debug|x64
		{4DB7C9D5-A2B1-4FDB-B108-52ADAAB9068F}.Debug|x64.Build.0 = Debug|x64
		{4DB7C9D5-A2B1-4FDB-B108-52ADAAB9068F}.Debug|x64.Deploy.0 = Debug|x64
		{4DB7C9D5-A2B1-4FDB-B108-52ADAAB9068F}.Debug|x86.ActiveCfg = Debug|x86
		{4DB7C9D5-A2B1-4FDB-B108-52ADAAB9068F}.Debug|x86.Build.0 = Debug|x86
		{4DB7C9D5-A2B1-4FDB-B108-52ADAAB9068F}.Debug|x86.Deploy.0 = Debug|x86
		{4DB7C9D5-A2B1-4FDB-B108-52ADAAB9068F}.Release|Any CPU.ActiveCfg = Release|x64
		{4DB7C9D5-A2B1-4FDB-B108-52ADAAB9068F}.Release|Any CPU.Build.0 = Release|x64
		{4DB7C9D5-A2B1-4FDB-B108-52ADAAB9068F}.Release|Any CPU.Deploy.0 = Release|x64
		{4DB7C9D5-A2B1-4FDB-B108-52ADAAB9068F}.Release|ARM64.ActiveCfg = Release|ARM64
		{4DB7C9D5-A2B1-4FDB-B108-52ADAAB9068F}.Release|ARM64.Build.0 = Release|ARM64
		{4DB7C9D5-A2B1-4FDB-B108-52ADAAB9068F}.Release|ARM64.Deploy.0 = Release|ARM64
		{4DB7C9D5-A2B1-4FDB-B108-52ADAAB9068F}.Release|x64.ActiveCfg = Release|x64
		{4DB7C9D5-A2B1-4FDB-B108-52ADAAB9068F}.Release|x64.Build.0 = Release|x64
		{4DB7C9D5-A2B1-4FDB-B108-52ADAAB9068F}.Release|x64.Deploy.0 = Release|x64
		{4DB7C9D5-A2B1-4FDB-B108-52ADAAB9068F}.Release|x86.ActiveCfg = Release|x86
		{4DB7C9D5-A2B1-4FDB-B108-52ADAAB9068F}.Release|x86.Build.0 = Release|x86
		{4DB7C9D5-A2B1-4FDB-B108-52ADAAB9068F}.Release|x86.Deploy.0 = Release|x86
		{CD5D8943-AC8B-4BE4-966C-29966E3D8A3B}.Debug|Any CPU.ActiveCfg = Debug|Any CPU
		{CD5D8943-AC8B-4BE4-966C-29966E3D8A3B}.Debug|Any CPU.Build.0 = Debug|Any CPU
		{CD5D8943-AC8B-4BE4-966C-29966E3D8A3B}.Debug|ARM64.ActiveCfg = Debug|Any CPU
		{CD5D8943-AC8B-4BE4-966C-29966E3D8A3B}.Debug|ARM64.Build.0 = Debug|Any CPU
		{CD5D8943-AC8B-4BE4-966C-29966E3D8A3B}.Debug|x64.ActiveCfg = Debug|Any CPU
		{CD5D8943-AC8B-4BE4-966C-29966E3D8A3B}.Debug|x64.Build.0 = Debug|Any CPU
		{CD5D8943-AC8B-4BE4-966C-29966E3D8A3B}.Debug|x86.ActiveCfg = Debug|Any CPU
		{CD5D8943-AC8B-4BE4-966C-29966E3D8A3B}.Debug|x86.Build.0 = Debug|Any CPU
		{CD5D8943-AC8B-4BE4-966C-29966E3D8A3B}.Release|Any CPU.ActiveCfg = Release|Any CPU
		{CD5D8943-AC8B-4BE4-966C-29966E3D8A3B}.Release|Any CPU.Build.0 = Release|Any CPU
		{CD5D8943-AC8B-4BE4-966C-29966E3D8A3B}.Release|ARM64.ActiveCfg = Release|Any CPU
		{CD5D8943-AC8B-4BE4-966C-29966E3D8A3B}.Release|ARM64.Build.0 = Release|Any CPU
		{CD5D8943-AC8B-4BE4-966C-29966E3D8A3B}.Release|x64.ActiveCfg = Release|Any CPU
		{CD5D8943-AC8B-4BE4-966C-29966E3D8A3B}.Release|x64.Build.0 = Release|Any CPU
		{CD5D8943-AC8B-4BE4-966C-29966E3D8A3B}.Release|x86.ActiveCfg = Release|Any CPU
		{CD5D8943-AC8B-4BE4-966C-29966E3D8A3B}.Release|x86.Build.0 = Release|Any CPU
		{419DC113-F066-4989-8111-9FB47DDD5549}.Debug|Any CPU.ActiveCfg = Debug|Any CPU
		{419DC113-F066-4989-8111-9FB47DDD5549}.Debug|Any CPU.Build.0 = Debug|Any CPU
		{419DC113-F066-4989-8111-9FB47DDD5549}.Debug|ARM64.ActiveCfg = Debug|Any CPU
		{419DC113-F066-4989-8111-9FB47DDD5549}.Debug|ARM64.Build.0 = Debug|Any CPU
		{419DC113-F066-4989-8111-9FB47DDD5549}.Debug|x64.ActiveCfg = Debug|Any CPU
		{419DC113-F066-4989-8111-9FB47DDD5549}.Debug|x64.Build.0 = Debug|Any CPU
		{419DC113-F066-4989-8111-9FB47DDD5549}.Debug|x86.ActiveCfg = Debug|Any CPU
		{419DC113-F066-4989-8111-9FB47DDD5549}.Debug|x86.Build.0 = Debug|Any CPU
		{419DC113-F066-4989-8111-9FB47DDD5549}.Release|Any CPU.ActiveCfg = Release|Any CPU
		{419DC113-F066-4989-8111-9FB47DDD5549}.Release|Any CPU.Build.0 = Release|Any CPU
		{419DC113-F066-4989-8111-9FB47DDD5549}.Release|ARM64.ActiveCfg = Release|Any CPU
		{419DC113-F066-4989-8111-9FB47DDD5549}.Release|ARM64.Build.0 = Release|Any CPU
		{419DC113-F066-4989-8111-9FB47DDD5549}.Release|x64.ActiveCfg = Release|Any CPU
		{419DC113-F066-4989-8111-9FB47DDD5549}.Release|x64.Build.0 = Release|Any CPU
		{419DC113-F066-4989-8111-9FB47DDD5549}.Release|x86.ActiveCfg = Release|Any CPU
		{419DC113-F066-4989-8111-9FB47DDD5549}.Release|x86.Build.0 = Release|Any CPU
		{6F8454C4-AEB1-41CA-84AF-25F137CD72C3}.Debug|Any CPU.ActiveCfg = Debug|Any CPU
		{6F8454C4-AEB1-41CA-84AF-25F137CD72C3}.Debug|Any CPU.Build.0 = Debug|Any CPU
		{6F8454C4-AEB1-41CA-84AF-25F137CD72C3}.Debug|ARM64.ActiveCfg = Debug|Any CPU
		{6F8454C4-AEB1-41CA-84AF-25F137CD72C3}.Debug|ARM64.Build.0 = Debug|Any CPU
		{6F8454C4-AEB1-41CA-84AF-25F137CD72C3}.Debug|x64.ActiveCfg = Debug|Any CPU
		{6F8454C4-AEB1-41CA-84AF-25F137CD72C3}.Debug|x64.Build.0 = Debug|Any CPU
		{6F8454C4-AEB1-41CA-84AF-25F137CD72C3}.Debug|x86.ActiveCfg = Debug|Any CPU
		{6F8454C4-AEB1-41CA-84AF-25F137CD72C3}.Debug|x86.Build.0 = Debug|Any CPU
		{6F8454C4-AEB1-41CA-84AF-25F137CD72C3}.Release|Any CPU.ActiveCfg = Release|Any CPU
		{6F8454C4-AEB1-41CA-84AF-25F137CD72C3}.Release|Any CPU.Build.0 = Release|Any CPU
		{6F8454C4-AEB1-41CA-84AF-25F137CD72C3}.Release|ARM64.ActiveCfg = Release|Any CPU
		{6F8454C4-AEB1-41CA-84AF-25F137CD72C3}.Release|ARM64.Build.0 = Release|Any CPU
		{6F8454C4-AEB1-41CA-84AF-25F137CD72C3}.Release|x64.ActiveCfg = Release|Any CPU
		{6F8454C4-AEB1-41CA-84AF-25F137CD72C3}.Release|x64.Build.0 = Release|Any CPU
		{6F8454C4-AEB1-41CA-84AF-25F137CD72C3}.Release|x86.ActiveCfg = Release|Any CPU
		{6F8454C4-AEB1-41CA-84AF-25F137CD72C3}.Release|x86.Build.0 = Release|Any CPU
		{CC1F16E4-53D9-435B-9216-30588824802E}.Debug|Any CPU.ActiveCfg = Debug|Any CPU
		{CC1F16E4-53D9-435B-9216-30588824802E}.Debug|Any CPU.Build.0 = Debug|Any CPU
		{CC1F16E4-53D9-435B-9216-30588824802E}.Debug|ARM64.ActiveCfg = Debug|Any CPU
		{CC1F16E4-53D9-435B-9216-30588824802E}.Debug|ARM64.Build.0 = Debug|Any CPU
		{CC1F16E4-53D9-435B-9216-30588824802E}.Debug|x64.ActiveCfg = Debug|Any CPU
		{CC1F16E4-53D9-435B-9216-30588824802E}.Debug|x64.Build.0 = Debug|Any CPU
		{CC1F16E4-53D9-435B-9216-30588824802E}.Debug|x86.ActiveCfg = Debug|Any CPU
		{CC1F16E4-53D9-435B-9216-30588824802E}.Debug|x86.Build.0 = Debug|Any CPU
		{CC1F16E4-53D9-435B-9216-30588824802E}.Release|Any CPU.ActiveCfg = Release|Any CPU
		{CC1F16E4-53D9-435B-9216-30588824802E}.Release|Any CPU.Build.0 = Release|Any CPU
		{CC1F16E4-53D9-435B-9216-30588824802E}.Release|ARM64.ActiveCfg = Release|Any CPU
		{CC1F16E4-53D9-435B-9216-30588824802E}.Release|ARM64.Build.0 = Release|Any CPU
		{CC1F16E4-53D9-435B-9216-30588824802E}.Release|x64.ActiveCfg = Release|Any CPU
		{CC1F16E4-53D9-435B-9216-30588824802E}.Release|x64.Build.0 = Release|Any CPU
		{CC1F16E4-53D9-435B-9216-30588824802E}.Release|x86.ActiveCfg = Release|Any CPU
		{CC1F16E4-53D9-435B-9216-30588824802E}.Release|x86.Build.0 = Release|Any CPU
	EndGlobalSection
	GlobalSection(SolutionProperties) = preSolution
		HideSolutionNode = FALSE
	EndGlobalSection
	GlobalSection(ExtensibilityGlobals) = postSolution
		SolutionGuid = {148BD5A0-1690-414D-A47C-AB0AF357228C}
	EndGlobalSection
EndGlobal
